
Microsoft Visual Studio Solution File, Format Version 12.00
# Visual Studio Version 17
VisualStudioVersion = 17.4.33122.133
MinimumVisualStudioVersion = 10.0.40219.1
Project("{FAE04EC0-301F-11D3-BF4B-00C04F79EFBC}") = "S7JuanCumbicus.Android", "S7JuanCumbicus.Android\S7JuanCumbicus.Android.csproj", "{3F99D6C8-9814-49CC-80EE-309FCC420922}"
EndProject
Project("{FAE04EC0-301F-11D3-BF4B-00C04F79EFBC}") = "S7JuanCumbicus.iOS", "S7JuanCumbicus.iOS\S7JuanCumbicus.iOS.csproj", "{CAD924B9-1C97-4AC0-8D9B-297C59D21C70}"
EndProject
Project("{FAE04EC0-301F-11D3-BF4B-00C04F79EFBC}") = "S7JuanCumbicus", "S7JuanCumbicus\S7JuanCumbicus.csproj", "{B7B2869E-A138-47A7-A982-12D6E9D22E4B}"
EndProject
Global
	GlobalSection(SolutionConfigurationPlatforms) = preSolution
		Debug|Any CPU = Debug|Any CPU
		Debug|iPhone = Debug|iPhone
		Debug|iPhoneSimulator = Debug|iPhoneSimulator
		Release|Any CPU = Release|Any CPU
		Release|iPhone = Release|iPhone
		Release|iPhoneSimulator = Release|iPhoneSimulator
	EndGlobalSection
	GlobalSection(ProjectConfigurationPlatforms) = postSolution
		{3F99D6C8-9814-49CC-80EE-309FCC420922}.Debug|Any CPU.ActiveCfg = Debug|Any CPU
		{3F99D6C8-9814-49CC-80EE-309FCC420922}.Debug|Any CPU.Build.0 = Debug|Any CPU
		{3F99D6C8-9814-49CC-80EE-309FCC420922}.Debug|Any CPU.Deploy.0 = Debug|Any CPU
		{3F99D6C8-9814-49CC-80EE-309FCC420922}.Debug|iPhone.ActiveCfg = Debug|Any CPU
		{3F99D6C8-9814-49CC-80EE-309FCC420922}.Debug|iPhone.Build.0 = Debug|Any CPU
		{3F99D6C8-9814-49CC-80EE-309FCC420922}.Debug|iPhone.Deploy.0 = Debug|Any CPU
		{3F99D6C8-9814-49CC-80EE-309FCC420922}.Debug|iPhoneSimulator.ActiveCfg = Debug|Any CPU
		{3F99D6C8-9814-49CC-80EE-309FCC420922}.Debug|iPhoneSimulator.Build.0 = Debug|Any CPU
		{3F99D6C8-9814-49CC-80EE-309FCC420922}.Debug|iPhoneSimulator.Deploy.0 = Debug|Any CPU
		{3F99D6C8-9814-49CC-80EE-309FCC420922}.Release|Any CPU.ActiveCfg = Release|Any CPU
		{3F99D6C8-9814-49CC-80EE-309FCC420922}.Release|Any CPU.Build.0 = Release|Any CPU
		{3F99D6C8-9814-49CC-80EE-309FCC420922}.Release|Any CPU.Deploy.0 = Release|Any CPU
		{3F99D6C8-9814-49CC-80EE-309FCC420922}.Release|iPhone.ActiveCfg = Release|Any CPU
		{3F99D6C8-9814-49CC-80EE-309FCC420922}.Release|iPhone.Build.0 = Release|Any CPU
		{3F99D6C8-9814-49CC-80EE-309FCC420922}.Release|iPhone.Deploy.0 = Release|Any CPU
		{3F99D6C8-9814-49CC-80EE-309FCC420922}.Release|iPhoneSimulator.ActiveCfg = Release|Any CPU
		{3F99D6C8-9814-49CC-80EE-309FCC420922}.Release|iPhoneSimulator.Build.0 = Release|Any CPU
		{3F99D6C8-9814-49CC-80EE-309FCC420922}.Release|iPhoneSimulator.Deploy.0 = Release|Any CPU
		{CAD924B9-1C97-4AC0-8D9B-297C59D21C70}.Debug|Any CPU.ActiveCfg = Debug|iPhone
		{CAD924B9-1C97-4AC0-8D9B-297C59D21C70}.Debug|Any CPU.Build.0 = Debug|iPhone
		{CAD924B9-1C97-4AC0-8D9B-297C59D21C70}.Debug|Any CPU.Deploy.0 = Debug|iPhone
		{CAD924B9-1C97-4AC0-8D9B-297C59D21C70}.Debug|iPhone.ActiveCfg = Debug|iPhone
		{CAD924B9-1C97-4AC0-8D9B-297C59D21C70}.Debug|iPhone.Build.0 = Debug|iPhone
		{CAD924B9-1C97-4AC0-8D9B-297C59D21C70}.Debug|iPhone.Deploy.0 = Debug|iPhone
		{CAD924B9-1C97-4AC0-8D9B-297C59D21C70}.Debug|iPhoneSimulator.ActiveCfg = Debug|iPhoneSimulator
		{CAD924B9-1C97-4AC0-8D9B-297C59D21C70}.Debug|iPhoneSimulator.Build.0 = Debug|iPhoneSimulator
		{CAD924B9-1C97-4AC0-8D9B-297C59D21C70}.Debug|iPhoneSimulator.Deploy.0 = Debug|iPhoneSimulator
		{CAD924B9-1C97-4AC0-8D9B-297C59D21C70}.Release|Any CPU.ActiveCfg = Release|iPhoneSimulator
		{CAD924B9-1C97-4AC0-8D9B-297C59D21C70}.Release|Any CPU.Build.0 = Release|iPhoneSimulator
		{CAD924B9-1C97-4AC0-8D9B-297C59D21C70}.Release|Any CPU.Deploy.0 = Release|iPhoneSimulator
		{CAD924B9-1C97-4AC0-8D9B-297C59D21C70}.Release|iPhone.ActiveCfg = Release|iPhone
		{CAD924B9-1C97-4AC0-8D9B-297C59D21C70}.Release|iPhone.Build.0 = Release|iPhone
		{CAD924B9-1C97-4AC0-8D9B-297C59D21C70}.Release|iPhone.Deploy.0 = Release|iPhone
		{CAD924B9-1C97-4AC0-8D9B-297C59D21C70}.Release|iPhoneSimulator.ActiveCfg = Release|iPhoneSimulator
		{CAD924B9-1C97-4AC0-8D9B-297C59D21C70}.Release|iPhoneSimulator.Build.0 = Release|iPhoneSimulator
		{CAD924B9-1C97-4AC0-8D9B-297C59D21C70}.Release|iPhoneSimulator.Deploy.0 = Release|iPhoneSimulator
		{B7B2869E-A138-47A7-A982-12D6E9D22E4B}.Debug|Any CPU.ActiveCfg = Debug|Any CPU
		{B7B2869E-A138-47A7-A982-12D6E9D22E4B}.Debug|Any CPU.Build.0 = Debug|Any CPU
		{B7B2869E-A138-47A7-A982-12D6E9D22E4B}.Debug|Any CPU.Deploy.0 = Debug|Any CPU
		{B7B2869E-A138-47A7-A982-12D6E9D22E4B}.Debug|iPhone.ActiveCfg = Debug|Any CPU
		{B7B2869E-A138-47A7-A982-12D6E9D22E4B}.Debug|iPhone.Build.0 = Debug|Any CPU
		{B7B2869E-A138-47A7-A982-12D6E9D22E4B}.Debug|iPhone.Deploy.0 = Debug|Any CPU
		{B7B2869E-A138-47A7-A982-12D6E9D22E4B}.Debug|iPhoneSimulator.ActiveCfg = Debug|Any CPU
		{B7B2869E-A138-47A7-A982-12D6E9D22E4B}.Debug|iPhoneSimulator.Build.0 = Debug|Any CPU
		{B7B2869E-A138-47A7-A982-12D6E9D22E4B}.Debug|iPhoneSimulator.Deploy.0 = Debug|Any CPU
		{B7B2869E-A138-47A7-A982-12D6E9D22E4B}.Release|Any CPU.ActiveCfg = Release|Any CPU
		{B7B2869E-A138-47A7-A982-12D6E9D22E4B}.Release|Any CPU.Build.0 = Release|Any CPU
		{B7B2869E-A138-47A7-A982-12D6E9D22E4B}.Release|Any CPU.Deploy.0 = Release|Any CPU
		{B7B2869E-A138-47A7-A982-12D6E9D22E4B}.Release|iPhone.ActiveCfg = Release|Any CPU
		{B7B2869E-A138-47A7-A982-12D6E9D22E4B}.Release|iPhone.Build.0 = Release|Any CPU
		{B7B2869E-A138-47A7-A982-12D6E9D22E4B}.Release|iPhone.Deploy.0 = Release|Any CPU
		{B7B2869E-A138-47A7-A982-12D6E9D22E4B}.Release|iPhoneSimulator.ActiveCfg = Release|Any CPU
		{B7B2869E-A138-47A7-A982-12D6E9D22E4B}.Release|iPhoneSimulator.Build.0 = Release|Any CPU
		{B7B2869E-A138-47A7-A982-12D6E9D22E4B}.Release|iPhoneSimulator.Deploy.0 = Release|Any CPU
	EndGlobalSection
	GlobalSection(SolutionProperties) = preSolution
		HideSolutionNode = FALSE
	EndGlobalSection
	GlobalSection(ExtensibilityGlobals) = postSolution
		SolutionGuid = {55F995BB-2539-4E63-ADC2-2D21BEF54D20}
	EndGlobalSection
EndGlobal
